
Microsoft Visual Studio Solution File, Format Version 12.00
# Visual Studio Version 17
VisualStudioVersion = 17.3.32901.215
MinimumVisualStudioVersion = 10.0.40219.1
Project("{FAE04EC0-301F-11D3-BF4B-00C04F79EFBC}") = "MarsRover", "MarsRover\MarsRover.csproj", "{64A35857-9A0E-4478-9643-F3E369DBEF1D}"
EndProject
Project("{FAE04EC0-301F-11D3-BF4B-00C04F79EFBC}") = "MarsRoverTest", "MarsRoverTest\MarsRoverTest.csproj", "{C98DC239-F1FA-4F2C-AE14-DE0B8774B66A}"
EndProject
Global
	GlobalSection(SolutionConfigurationPlatforms) = preSolution
		Debug|Any CPU = Debug|Any CPU
		Release|Any CPU = Release|Any CPU
	EndGlobalSection
	GlobalSection(ProjectConfigurationPlatforms) = postSolution
		{64A35857-9A0E-4478-9643-F3E369DBEF1D}.Debug|Any CPU.ActiveCfg = Debug|Any CPU
		{64A35857-9A0E-4478-9643-F3E369DBEF1D}.Debug|Any CPU.Build.0 = Debug|Any CPU
		{64A35857-9A0E-4478-9643-F3E369DBEF1D}.Release|Any CPU.ActiveCfg = Release|Any CPU
		{64A35857-9A0E-4478-9643-F3E369DBEF1D}.Release|Any CPU.Build.0 = Release|Any CPU
		{C98DC239-F1FA-4F2C-AE14-DE0B8774B66A}.Debug|Any CPU.ActiveCfg = Debug|Any CPU
		{C98DC239-F1FA-4F2C-AE14-DE0B8774B66A}.Debug|Any CPU.Build.0 = Debug|Any CPU
		{C98DC239-F1FA-4F2C-AE14-DE0B8774B66A}.Release|Any CPU.ActiveCfg = Release|Any CPU
		{C98DC239-F1FA-4F2C-AE14-DE0B8774B66A}.Release|Any CPU.Build.0 = Release|Any CPU
	EndGlobalSection
	GlobalSection(SolutionProperties) = preSolution
		HideSolutionNode = FALSE
	EndGlobalSection
	GlobalSection(ExtensibilityGlobals) = postSolution
		SolutionGuid = {2A007BDE-C9C7-4DC9-BF9B-BD1096314860}
	EndGlobalSection
EndGlobal
